speakeasyVersion: 1.460.2
sources:
    petstore-oas:
        sourceNamespace: petstore-oas
        sourceRevisionDigest: sha256:f4e1bcc1651f54df3192d2215a6bc3c454e1bb69d95223ae9c0196c0333891b4
        sourceBlobDigest: sha256:c4af72da0a5010df96179128e18081d3032fee2c90f89465b0861d8abdfbfc79
        tags:
            - latest
            - speakeasy-sdk-regen-1734952158
            - 1.0.0
targets:
    petstore:
        source: petstore-oas
        sourceNamespace: petstore-oas
        sourceRevisionDigest: sha256:f4e1bcc1651f54df3192d2215a6bc3c454e1bb69d95223ae9c0196c0333891b4
        sourceBlobDigest: sha256:c4af72da0a5010df96179128e18081d3032fee2c90f89465b0861d8abdfbfc79
        codeSamplesNamespace: petstore-oas-typescript-code-samples
        codeSamplesRevisionDigest: sha256:75ebca6f135daa410a06f72ada9a1da611cebd3110139baea2023429067b9d9b
workflow:
    workflowVersion: 1.0.0
    speakeasyVersion: latest
    sources:
        petstore-oas:
            inputs:
                - location: openapi.yaml
            registry:
                location: registry.speakeasyapi.dev/test123/test123ws/petstore-oas
    targets:
        petstore:
            target: typescript
            source: petstore-oas
            publish:
                npm:
                    token: $npm_token
            codeSamples:
                registry:
                    location: registry.speakeasyapi.dev/test123/test123ws/petstore-oas-typescript-code-samples
                blocking: false
