speakeasyVersion: 1.462.2
sources:
    petstore-oas:
        sourceNamespace: petstore-oas
        sourceRevisionDigest: sha256:3d4cfd97a5536fb82e9f449c71ff05a5ae2724c47decb14dee8bc61a49327f2b
        sourceBlobDigest: sha256:c4af72da0a5010df96179128e18081d3032fee2c90f89465b0861d8abdfbfc79
        tags:
            - latest
            - speakeasy-sdk-regen-1734952158
            - 1.0.0
targets:
    petstore:
        source: petstore-oas
        sourceNamespace: petstore-oas
        sourceRevisionDigest: sha256:3d4cfd97a5536fb82e9f449c71ff05a5ae2724c47decb14dee8bc61a49327f2b
        sourceBlobDigest: sha256:c4af72da0a5010df96179128e18081d3032fee2c90f89465b0861d8abdfbfc79
        codeSamplesNamespace: petstore-oas-typescript-code-samples
        codeSamplesRevisionDigest: sha256:484ac1fb76bf915ad1ab84b79b3d551a735374136c29fceb53fcf7911eec68a9
workflow:
    workflowVersion: 1.0.0
    speakeasyVersion: latest
    sources:
        petstore-oas:
            inputs:
                - location: openapi.yaml
            registry:
                location: registry.speakeasyapi.dev/test123/test123ws/petstore-oas
    targets:
        petstore:
            target: typescript
            source: petstore-oas
            publish:
                npm:
                    token: $npm_token
            codeSamples:
                registry:
                    location: registry.speakeasyapi.dev/test123/test123ws/petstore-oas-typescript-code-samples
                blocking: false
