speakeasyVersion: 1.459.3
sources:
    petstore-oas:
        sourceNamespace: petstore-oas
        sourceRevisionDigest: sha256:0afeb8b556315daf29dc2e8671b792509ab5e5f176c3b4a8c36b39fb43e3d16a
        sourceBlobDigest: sha256:c4af72da0a5010df96179128e18081d3032fee2c90f89465b0861d8abdfbfc79
        tags:
            - latest
            - speakeasy-sdk-regen-1734952158
            - 1.0.0
targets:
    petstore:
        source: petstore-oas
        sourceNamespace: petstore-oas
        sourceRevisionDigest: sha256:0afeb8b556315daf29dc2e8671b792509ab5e5f176c3b4a8c36b39fb43e3d16a
        sourceBlobDigest: sha256:c4af72da0a5010df96179128e18081d3032fee2c90f89465b0861d8abdfbfc79
        codeSamplesNamespace: petstore-oas-typescript-code-samples
        codeSamplesRevisionDigest: sha256:52416b2d215a7a640943592eb5f1b4871b9424ccf1ba303ae315e5903e80efe8
workflow:
    workflowVersion: 1.0.0
    speakeasyVersion: latest
    sources:
        petstore-oas:
            inputs:
                - location: openapi.yaml
            registry:
                location: registry.speakeasyapi.dev/test123/test123ws/petstore-oas
    targets:
        petstore:
            target: typescript
            source: petstore-oas
            publish:
                npm:
                    token: $npm_token
            codeSamples:
                registry:
                    location: registry.speakeasyapi.dev/test123/test123ws/petstore-oas-typescript-code-samples
                blocking: false
